
Microsoft Visual Studio Solution File, Format Version 12.00
# Visual Studio Version 16
VisualStudioVersion = 16.0.30002.166
MinimumVisualStudioVersion = 10.0.40219.1
Project("{9A19103F-16F7-4668-BE54-9A1E7A4F7556}") = "AzureTableStorageRepository", "AzureCloudStorageRepository\AzureTableStorageRepository.csproj", "{55010443-7A0D-450D-AE36-C92EF44D1FDA}"
EndProject
Global
	GlobalSection(SolutionConfigurationPlatforms) = preSolution
		Debug|Any CPU = Debug|Any CPU
		Release|Any CPU = Release|Any CPU
	EndGlobalSection
	GlobalSection(ProjectConfigurationPlatforms) = postSolution
		{55010443-7A0D-450D-AE36-C92EF44D1FDA}.Debug|Any CPU.ActiveCfg = Debug|Any CPU
		{55010443-7A0D-450D-AE36-C92EF44D1FDA}.Debug|Any CPU.Build.0 = Debug|Any CPU
		{55010443-7A0D-450D-AE36-C92EF44D1FDA}.Release|Any CPU.ActiveCfg = Release|Any CPU
		{55010443-7A0D-450D-AE36-C92EF44D1FDA}.Release|Any CPU.Build.0 = Release|Any CPU
	EndGlobalSection
	GlobalSection(SolutionProperties) = preSolution
		HideSolutionNode = FALSE
	EndGlobalSection
	GlobalSection(ExtensibilityGlobals) = postSolution
		SolutionGuid = {1A7FA2C2-BE7B-4328-866A-84AB490B9619}
	EndGlobalSection
EndGlobal
